// !$*UTF8*$!
{
	archiveVersion = 1;
	classes = {
	};
	objectVersion = 50;
	objects = {

/* Begin PBXBuildFile section */
		083DB99F21318E10002B23AE /* AppDelegate.swift in Sources */ = {isa = PBXBuildFile; fileRef = 083DB99E21318E10002B23AE /* AppDelegate.swift */; };
		083DB9A121318E10002B23AE /* ViewController.swift in Sources */ = {isa = PBXBuildFile; fileRef = 083DB9A021318E10002B23AE /* ViewController.swift */; };
		083DB9A421318E10002B23AE /* ParsingJSONMAC.xcdatamodeld in Sources */ = {isa = PBXBuildFile; fileRef = 083DB9A221318E10002B23AE /* ParsingJSONMAC.xcdatamodeld */; };
		083DB9A621318E12002B23AE /* Assets.xcassets in Resources */ = {isa = PBXBuildFile; fileRef = 083DB9A521318E12002B23AE /* Assets.xcassets */; };
		083DB9A921318E12002B23AE /* Main.storyboard in Resources */ = {isa = PBXBuildFile; fileRef = 083DB9A721318E12002B23AE /* Main.storyboard */; };
/* End PBXBuildFile section */

/* Begin PBXFileReference section */
		083DB99B21318E10002B23AE /* ParsingJSONMAC.app */ = {isa = PBXFileReference; explicitFileType = wrapper.application; includeInIndex = 0; path = ParsingJSONMAC.app; sourceTree = BUILT_PRODUCTS_DIR; };
		083DB99E21318E10002B23AE /* AppDelegate.swift */ = {isa = PBXFileReference; lastKnownFileType = sourcecode.swift; path = AppDelegate.swift; sourceTree = "<group>"; };
		083DB9A021318E10002B23AE /* ViewController.swift */ = {isa = PBXFileReference; lastKnownFileType = sourcecode.swift; path = ViewController.swift; sourceTree = "<group>"; };
		083DB9A321318E10002B23AE /* ParsingJSONMAC.xcdatamodel */ = {isa = PBXFileReference; lastKnownFileType = wrapper.xcdatamodel; path = ParsingJSONMAC.xcdatamodel; sourceTree = "<group>"; };
		083DB9A521318E12002B23AE /* Assets.xcassets */ = {isa = PBXFileReference; lastKnownFileType = folder.assetcatalog; path = Assets.xcassets; sourceTree = "<group>"; };
		083DB9A821318E12002B23AE /* Base */ = {isa = PBXFileReference; lastKnownFileType = file.storyboard; name = Base; path = Base.lproj/Main.storyboard; sourceTree = "<group>"; };
		083DB9AA21318E12002B23AE /* Info.plist */ = {isa = PBXFileReference; lastKnownFileType = text.plist.xml; path = Info.plist; sourceTree = "<group>"; };
		083DB9AB21318E12002B23AE /* ParsingJSONMAC.entitlements */ = {isa = PBXFileReference; lastKnownFileType = text.plist.entitlements; path = ParsingJSONMAC.entitlements; sourceTree = "<group>"; };
/* End PBXFileReference section */

/* Begin PBXFrameworksBuildPhase section */
		083DB99821318E10002B23AE /* Frameworks */ = {
			isa = PBXFrameworksBuildPhase;
			buildActionMask = 2147483647;
			files = (
			);
			runOnlyForDeploymentPostprocessing = 0;
		};
/* End PBXFrameworksBuildPhase section */

/* Begin PBXGroup section */
		083DB99221318E10002B23AE = {
			isa = PBXGroup;
			children = (
				083DB99D21318E10002B23AE /* ParsingJSONMAC */,
				083DB99C21318E10002B23AE /* Products */,
			);
			sourceTree = "<group>";
		};
		083DB99C21318E10002B23AE /* Products */ = {
			isa = PBXGroup;
			children = (
				083DB99B21318E10002B23AE /* ParsingJSONMAC.app */,
			);
			name = Products;
			sourceTree = "<group>";
		};
		083DB99D21318E10002B23AE /* ParsingJSONMAC */ = {
			isa = PBXGroup;
			children = (
				083DB99E21318E10002B23AE /* AppDelegate.swift */,
				083DB9A021318E10002B23AE /* ViewController.swift */,
				083DB9A521318E12002B23AE /* Assets.xcassets */,
				083DB9A721318E12002B23AE /* Main.storyboard */,
				083DB9AA21318E12002B23AE /* Info.plist */,
				083DB9AB21318E12002B23AE /* ParsingJSONMAC.entitlements */,
				083DB9A221318E10002B23AE /* ParsingJSONMAC.xcdatamodeld */,
			);
			path = ParsingJSONMAC;
			sourceTree = "<group>";
		};
/* End PBXGroup section */

/* Begin PBXNativeTarget section */
		083DB99A21318E10002B23AE /* ParsingJSONMAC */ = {
			isa = PBXNativeTarget;
			buildConfigurationList = 083DB9AE21318E12002B23AE /* Build configuration list for PBXNativeTarget "ParsingJSONMAC" */;
			buildPhases = (
				083DB99721318E10002B23AE /* Sources */,
				083DB99821318E10002B23AE /* Frameworks */,
				083DB99921318E10002B23AE /* Resources */,
			);
			buildRules = (
			);
			dependencies = (
			);
			name = ParsingJSONMAC;
			productName = ParsingJSONMAC;
			productReference = 083DB99B21318E10002B23AE /* ParsingJSONMAC.app */;
			productType = "com.apple.product-type.application";
		};
/* End PBXNativeTarget section */

/* Begin PBXProject section */
		083DB99321318E10002B23AE /* Project object */ = {
			isa = PBXProject;
			attributes = {
				LastSwiftUpdateCheck = 0940;
				LastUpgradeCheck = 0940;
				ORGANIZATIONNAME = "Hajime Tousaka";
				TargetAttributes = {
					083DB99A21318E10002B23AE = {
						CreatedOnToolsVersion = 9.4.1;
					};
				};
			};
			buildConfigurationList = 083DB99621318E10002B23AE /* Build configuration list for PBXProject "ParsingJSONMAC" */;
			compatibilityVersion = "Xcode 9.3";
			developmentRegion = en;
			hasScannedForEncodings = 0;
			knownRegions = (
				en,
				Base,
			);
			mainGroup = 083DB99221318E10002B23AE;
			productRefGroup = 083DB99C21318E10002B23AE /* Products */;
			projectDirPath = "";
			projectRoot = "";
			targets = (
				083DB99A21318E10002B23AE /* ParsingJSONMAC */,
			);
		};
/* End PBXProject section */

/* Begin PBXResourcesBuildPhase section */
		083DB99921318E10002B23AE /* Resources */ = {
			isa = PBXResourcesBuildPhase;
			buildActionMask = 2147483647;
			files = (
				083DB9A621318E12002B23AE /* Assets.xcassets in Resources */,
				083DB9A921318E12002B23AE /* Main.storyboard in Resources */,
			);
			runOnlyForDeploymentPostprocessing = 0;
		};
/* End PBXResourcesBuildPhase section */

/* Begin PBXSourcesBuildPhase section */
		083DB99721318E10002B23AE /* Sources */ = {
			isa = PBXSourcesBuildPhase;
			buildActionMask = 2147483647;
			files = (
				083DB9A121318E10002B23AE /* ViewController.swift in Sources */,
				083DB9A421318E10002B23AE /* ParsingJSONMAC.xcdatamodeld in Sources */,
				083DB99F21318E10002B23AE /* AppDelegate.swift in Sources */,
			);
			runOnlyForDeploymentPostprocessing = 0;
		};
/* End PBXSourcesBuildPhase section */

/* Begin PBXVariantGroup section */
		083DB9A721318E12002B23AE /* Main.storyboard */ = {
			isa = PBXVariantGroup;
			children = (
				083DB9A821318E12002B23AE /* Base */,
			);
			name = Main.storyboard;
			sourceTree = "<group>";
		};
/* End PBXVariantGroup section */

/* Begin XCBuildConfiguration section */
		083DB9AC21318E12002B23AE /* Debug */ = {
			isa = XCBuildConfiguration;
			buildSettings = {
				ALWAYS_SEARCH_USER_PATHS = NO;
				CLANG_ANALYZER_NONNULL = YES;
				CLANG_ANALYZER_NUMBER_OBJECT_CONVERSION = YES_AGGRESSIVE;
				CLANG_CXX_LANGUAGE_STANDARD = "gnu++14";
				CLANG_CXX_LIBRARY = "libc++";
				CLANG_ENABLE_MODULES = YES;
				CLANG_ENABLE_OBJC_ARC = YES;
				CLANG_ENABLE_OBJC_WEAK = YES;
				CLANG_WARN_BLOCK_CAPTURE_AUTORELEASING = YES;
				CLANG_WARN_BOOL_CONVERSION = YES;
				CLANG_WARN_COMMA = YES;
				CLANG_WARN_CONSTANT_CONVERSION = YES;
				CLANG_WARN_DEPRECATED_OBJC_IMPLEMENTATIONS = YES;
				CLANG_WARN_DIRECT_OBJC_ISA_USAGE = YES_ERROR;
				CLANG_WARN_DOCUMENTATION_COMMENTS = YES;
				CLANG_WARN_EMPTY_BODY = YES;
				CLANG_WARN_ENUM_CONVERSION = YES;
				CLANG_WARN_INFINITE_RECURSION = YES;
				CLANG_WARN_INT_CONVERSION = YES;
				CLANG_WARN_NON_LITERAL_NULL_CONVERSION = YES;
				CLANG_WARN_OBJC_IMPLICIT_RETAIN_SELF = YES;
				CLANG_WARN_OBJC_LITERAL_CONVERSION = YES;
				CLANG_WARN_OBJC_ROOT_CLASS = YES_ERROR;
				CLANG_WARN_RANGE_LOOP_ANALYSIS = YES;
				CLANG_WARN_STRICT_PROTOTYPES = YES;
				CLANG_WARN_SUSPICIOUS_MOVE = YES;
				CLANG_WARN_UNGUARDED_AVAILABILITY = YES_AGGRESSIVE;
				CLANG_WARN_UNREACHABLE_CODE = YES;
				CLANG_WARN__DUPLICATE_METHOD_MATCH = YES;
				CODE_SIGN_IDENTITY = "-";
				COPY_PHASE_STRIP = NO;
				DEBUG_INFORMATION_FORMAT = dwarf;
				ENABLE_STRICT_OBJC_MSGSEND = YES;
				ENABLE_TESTABILITY = YES;
				GCC_C_LANGUAGE_STANDARD = gnu11;
				GCC_DYNAMIC_NO_PIC = NO;
				GCC_NO_COMMON_BLOCKS = YES;
				GCC_OPTIMIZATION_LEVEL = 0;
				GCC_PREPROCESSOR_DEFINITIONS = (
					"DEBUG=1",
					"$(inherited)",
				);
				GCC_WARN_64_TO_32_BIT_CONVERSION = YES;
				GCC_WARN_ABOUT_RETURN_TYPE = YES_ERROR;
				GCC_WARN_UNDECLARED_SELECTOR = YES;
				GCC_WARN_UNINITIALIZED_AUTOS = YES_AGGRESSIVE;
				GCC_WARN_UNUSED_FUNCTION = YES;
				GCC_WARN_UNUSED_VARIABLE = YES;
				MACOSX_DEPLOYMENT_TARGET = 10.13;
				MTL_ENABLE_DEBUG_INFO = YES;
				ONLY_ACTIVE_ARCH = YES;
				SDKROOT = macosx;
				SWIFT_ACTIVE_COMPILATION_CONDITIONS = DEBUG;
				SWIFT_OPTIMIZATION_LEVEL = "-Onone";
			};
			name = Debug;
		};
		083DB9AD21318E12002B23AE /* Release */ = {
			isa = XCBuildConfiguration;
			buildSettings = {
				ALWAYS_SEARCH_USER_PATHS = NO;
				CLANG_ANALYZER_NONNULL = YES;
				CLANG_ANALYZER_NUMBER_OBJECT_CONVERSION = YES_AGGRESSIVE;
				CLANG_CXX_LANGUAGE_STANDARD = "gnu++14";
				CLANG_CXX_LIBRARY = "libc++";
				CLANG_ENABLE_MODULES = YES;
				CLANG_ENABLE_OBJC_ARC = YES;
				CLANG_ENABLE_OBJC_WEAK = YES;
				CLANG_WARN_BLOCK_CAPTURE_AUTORELEASING = YES;
				CLANG_WARN_BOOL_CONVERSION = YES;
				CLANG_WARN_COMMA = YES;
				CLANG_WARN_CONSTANT_CONVERSION = YES;
				CLANG_WARN_DEPRECATED_OBJC_IMPLEMENTATIONS = YES;
				CLANG_WARN_DIRECT_OBJC_ISA_USAGE = YES_ERROR;
				CLANG_WARN_DOCUMENTATION_COMMENTS = YES;
				CLANG_WARN_EMPTY_BODY = YES;
				CLANG_WARN_ENUM_CONVERSION = YES;
				CLANG_WARN_INFINITE_RECURSION = YES;
				CLANG_WARN_INT_CONVERSION = YES;
				CLANG_WARN_NON_LITERAL_NULL_CONVERSION = YES;
				CLANG_WARN_OBJC_IMPLICIT_RETAIN_SELF = YES;
				CLANG_WARN_OBJC_LITERAL_CONVERSION = YES;
				CLANG_WARN_OBJC_ROOT_CLASS = YES_ERROR;
				CLANG_WARN_RANGE_LOOP_ANALYSIS = YES;
				CLANG_WARN_STRICT_PROTOTYPES = YES;
				CLANG_WARN_SUSPICIOUS_MOVE = YES;
				CLANG_WARN_UNGUARDED_AVAILABILITY = YES_AGGRESSIVE;
				CLANG_WARN_UNREACHABLE_CODE = YES;
				CLANG_WARN__DUPLICATE_METHOD_MATCH = YES;
				CODE_SIGN_IDENTITY = "-";
				COPY_PHASE_STRIP = NO;
				DEBUG_INFORMATION_FORMAT = "dwarf-with-dsym";
				ENABLE_NS_ASSERTIONS = NO;
				ENABLE_STRICT_OBJC_MSGSEND = YES;
				GCC_C_LANGUAGE_STANDARD = gnu11;
				GCC_NO_COMMON_BLOCKS = YES;
				GCC_WARN_64_TO_32_BIT_CONVERSION = YES;
				GCC_WARN_ABOUT_RETURN_TYPE = YES_ERROR;
				GCC_WARN_UNDECLARED_SELECTOR = YES;
				GCC_WARN_UNINITIALIZED_AUTOS = YES_AGGRESSIVE;
				GCC_WARN_UNUSED_FUNCTION = YES;
				GCC_WARN_UNUSED_VARIABLE = YES;
				MACOSX_DEPLOYMENT_TARGET = 10.13;
				MTL_ENABLE_DEBUG_INFO = NO;
				SDKROOT = macosx;
				SWIFT_COMPILATION_MODE = wholemodule;
				SWIFT_OPTIMIZATION_LEVEL = "-O";
			};
			name = Release;
		};
		083DB9AF21318E12002B23AE /* Debug */ = {
			isa = XCBuildConfiguration;
			buildSettings = {
				ASSETCATALOG_COMPILER_APPICON_NAME = AppIcon;
				CODE_SIGN_ENTITLEMENTS = ParsingJSONMAC/ParsingJSONMAC.entitlements;
				CODE_SIGN_STYLE = Automatic;
				COMBINE_HIDPI_IMAGES = YES;
				INFOPLIST_FILE = ParsingJSONMAC/Info.plist;
				LD_RUNPATH_SEARCH_PATHS = (
					"$(inherited)",
					"@executable_path/../Frameworks",
				);
				PRODUCT_BUNDLE_IDENTIFIER = noorg.ParsingJSONMAC;
				PRODUCT_NAME = "$(TARGET_NAME)";
				SWIFT_VERSION = 4.0;
			};
			name = Debug;
		};
		083DB9B021318E12002B23AE /* Release */ = {
			isa = XCBuildConfiguration;
			buildSettings = {
				ASSETCATALOG_COMPILER_APPICON_NAME = AppIcon;
				CODE_SIGN_ENTITLEMENTS = ParsingJSONMAC/ParsingJSONMAC.entitlements;
				CODE_SIGN_STYLE = Automatic;
				COMBINE_HIDPI_IMAGES = YES;
				INFOPLIST_FILE = ParsingJSONMAC/Info.plist;
				LD_RUNPATH_SEARCH_PATHS = (
					"$(inherited)",
					"@executable_path/../Frameworks",
				);
				PRODUCT_BUNDLE_IDENTIFIER = noorg.ParsingJSONMAC;
				PRODUCT_NAME = "$(TARGET_NAME)";
				SWIFT_VERSION = 4.0;
			};
			name = Release;
		};
/* End XCBuildConfiguration section */

/* Begin XCConfigurationList section */
		083DB99621318E10002B23AE /* Build configuration list for PBXProject "ParsingJSONMAC" */ = {
			isa = XCConfigurationList;
			buildConfigurations = (
				083DB9AC21318E12002B23AE /* Debug */,
				083DB9AD21318E12002B23AE /* Release */,
			);
			defaultConfigurationIsVisible = 0;
			defaultConfigurationName = Release;
		};
		083DB9AE21318E12002B23AE /* Build configuration list for PBXNativeTarget "ParsingJSONMAC" */ = {
			isa = XCConfigurationList;
			buildConfigurations = (
				083DB9AF21318E12002B23AE /* Debug */,
				083DB9B021318E12002B23AE /* Release */,
			);
			defaultConfigurationIsVisible = 0;
			defaultConfigurationName = Release;
		};
/* End XCConfigurationList section */

/* Begin XCVersionGroup section */
		083DB9A221318E10002B23AE /* ParsingJSONMAC.xcdatamodeld */ = {
			isa = XCVersionGroup;
			children = (
				083DB9A321318E10002B23AE /* ParsingJSONMAC.xcdatamodel */,
			);
			currentVersion = 083DB9A321318E10002B23AE /* ParsingJSONMAC.xcdatamodel */;
			path = ParsingJSONMAC.xcdatamodeld;
			sourceTree = "<group>";
			versionGroupType = wrapper.xcdatamodel;
		};
/* End XCVersionGroup section */
	};
	rootObject = 083DB99321318E10002B23AE /* Project object */;
}
